<Solution>
  <Folder Name="/Task0/">
    <Project Path="Tyuiu.ElyshevFI.Sprint1.Task0.V15.Lib/Tyuiu.ElyshevFI.Sprint1.Task0.V15.Lib.csproj" />
    <Project Path="Tyuiu.ElyshevFI.Sprint1.Task0.V15.Test/Tyuiu.ElyshevFI.Sprint1.Task0.V15.Test.csproj" />
    <Project Path="Tyuiu.ElyshevFI.Sprint1.Task0.V15/Tyuiu.ElyshevFI.Sprint1.Task0.V15.csproj" />
  </Folder>
  <Folder Name="/Task1/">
    <Project Path="Tyuiu.ElyshevFI.Sprint1.Task1.V28.Lib/Tyuiu.ElyshevFI.Sprint1.Task1.V28.Lib.csproj" Id="54bbcb9a-6b9d-4ac1-90c9-b001e8629328" />
    <Project Path="Tyuiu.ElyshevFI.Sprint1.Task1.V28.Test/Tyuiu.ElyshevFI.Sprint1.Task1.V28.Test.csproj" Id="f31cf53d-cce0-4075-b19e-228d09ffc089" />
    <Project Path="Tyuiu.ElyshevFI.Sprint1.Task1.V28/Tyuiu.ElyshevFI.Sprint1.Task1.V28.csproj" Id="0eb85886-df68-4fa1-bb05-bb4385304508" />
  </Folder>
</Solution>
