<Solution>
  <Folder Name="/Task0/">
    <Project Path="Tyuiu.ElyshevFI.Sprint1.Task0.V15.Lib/Tyuiu.ElyshevFI.Sprint1.Task0.V15.Lib.csproj" />
    <Project Path="Tyuiu.ElyshevFI.Sprint1.Task0.V15.Test/Tyuiu.ElyshevFI.Sprint1.Task0.V15.Test.csproj" />
    <Project Path="Tyuiu.ElyshevFI.Sprint1.Task0.V15/Tyuiu.ElyshevFI.Sprint1.Task0.V15.csproj" />
  </Folder>
  <Folder Name="/Task1/">
    <Project Path="Tyuiu.ElyshevFI.Sprint1.Task1.V28.Lib/Tyuiu.ElyshevFI.Sprint1.Task1.V28.Lib.csproj" Id="54bbcb9a-6b9d-4ac1-90c9-b001e8629328" />
    <Project Path="Tyuiu.ElyshevFI.Sprint1.Task1.V28.Test/Tyuiu.ElyshevFI.Sprint1.Task1.V28.Test.csproj" Id="f31cf53d-cce0-4075-b19e-228d09ffc089" />
    <Project Path="Tyuiu.ElyshevFI.Sprint1.Task1.V28/Tyuiu.ElyshevFI.Sprint1.Task1.V28.csproj" Id="0eb85886-df68-4fa1-bb05-bb4385304508" />
  </Folder>
  <Folder Name="/Task2/">
    <Project Path="Tyuiu.ElyshevFI.Sprint1.Task2.V17.Lib/Tyuiu.ElyshevFI.Sprint1.Task2.V17.Lib.csproj" Id="0f7d2369-f788-4a77-919d-3220469e73b1" />
    <Project Path="Tyuiu.ElyshevFI.Sprint1.Task2.V17.Test/Tyuiu.ElyshevFI.Sprint1.Task2.V17.Test.csproj" Id="3bfa88e8-4695-41c0-9df0-eae54be32aaf" />
    <Project Path="Tyuiu.ElyshevFI.Sprint1.Task2.V17/Tyuiu.ElyshevFI.Sprint1.Task2.V17.csproj" Id="7d37add5-d26e-4527-8b09-5aea619f7bd6" />
  </Folder>
  <Folder Name="/Task3/">
    <Project Path="Tyuiu.ElyshevFI.Sprint1.Task3.V18.Lib/Tyuiu.ElyshevFI.Sprint1.Task3.V18.Lib.csproj" Id="453d57fb-b1eb-48e3-afe9-4e443067f05d" />
    <Project Path="Tyuiu.ElyshevFI.Sprint1.Task3.V18.Test/Tyuiu.ElyshevFI.Sprint1.Task3.V18.Test.csproj" Id="aa167787-e27c-4c9a-b0ec-69d78f9952c9" />
    <Project Path="Tyuiu.ElyshevFI.Sprint1.Task3.V18/Tyuiu.ElyshevFI.Sprint1.Task3.V18.csproj" Id="9e0a7c63-6740-4f48-936d-595483045745" />
  </Folder>
  <Folder Name="/Task4/">
    <Project Path="Tyuiu.ElyshevFI.Sprint1.Task4.V17.Lib/Tyuiu.ElyshevFI.Sprint1.Task4.V17.Lib.csproj" Id="567c7824-af81-4abb-9f28-e4e291b45d09" />
    <Project Path="Tyuiu.ElyshevFI.Sprint1.Task4.V17.Test/Tyuiu.ElyshevFI.Sprint1.Task4.V17.Test.csproj" Id="d8a5b636-e179-4b99-a509-0ed24709b760" />
    <Project Path="Tyuiu.ElyshevFI.Sprint1.Task4.V17/Tyuiu.ElyshevFI.Sprint1.Task4.V17.csproj" Id="4c5f7d7c-bc42-40f3-b202-4a4545959a29" />
  </Folder>
  <Folder Name="/Task5/">
    <Project Path="Tyuiu.ElyshevFI.Sprint1.Task5.V1.Lib/Tyuiu.ElyshevFI.Sprint1.Task5.V1.Lib.csproj" Id="833bf126-7b74-40d6-8ea1-b55ff4a843ae" />
    <Project Path="Tyuiu.ElyshevFI.Sprint1.Task5.V1.Test/Tyuiu.ElyshevFI.Sprint1.Task5.V1.Test.csproj" Id="ee6377a8-2a37-4c3a-b010-a0c0db3068bf" />
    <Project Path="Tyuiu.ElyshevFI.Sprint1.Task5.V1/Tyuiu.ElyshevFI.Sprint1.Task5.V1.csproj" Id="4a404fba-f85d-4e07-8b9b-0731c9718173" />
  </Folder>
  <Folder Name="/Task6/">
    <Project Path="Tyuiu.ElyshevFI.Sprint1.Task6.V5.Lib/Tyuiu.ElyshevFI.Sprint1.Task6.V5.Lib.csproj" Id="b603e7ff-4312-4357-bc99-7dbe5416dff3" />
    <Project Path="Tyuiu.ElyshevFI.Sprint1.Task6.V5.Test/Tyuiu.ElyshevFI.Sprint1.Task6.V5.Test.csproj" Id="a839a2ae-af40-41b1-a792-89709f225714" />
    <Project Path="Tyuiu.ElyshevFI.Sprint1.Task6.V5/Tyuiu.ElyshevFI.Sprint1.Task6.V5.csproj" Id="45d2be52-14d8-466c-95ca-1a01c0c4f93d" />
  </Folder>
  <Folder Name="/Task7/">
    <Project Path="Tyuiu.ElyshevFI.Sprint1.Task7.V7.Lib/Tyuiu.ElyshevFI.Sprint1.Task7.V7.Lib.csproj" Id="7bcbc400-a38f-41fe-a37f-e02b84f9636b" />
    <Project Path="Tyuiu.ElyshevFI.Sprint1.Task7.V7.Test/Tyuiu.ElyshevFI.Sprint1.Task7.V7.Test.csproj" Id="69c26943-8728-4c66-9867-6569422365b5" />
    <Project Path="Tyuiu.ElyshevFI.Sprint1.Task7.V7/Tyuiu.ElyshevFI.Sprint1.Task7.V7.csproj" Id="5af94654-9e95-44b9-8860-84a89ad072c1" />
  </Folder>
</Solution>
